
Microsoft Visual Studio Solution File, Format Version 12.00
# Visual Studio Version 16
VisualStudioVersion = 16.0.29519.181
MinimumVisualStudioVersion = 10.0.40219.1
Project("{FAE04EC0-301F-11D3-BF4B-00C04F79EFBC}") = "BenchmarkDotNetApp", "BenchmarkDotNetApp.csproj", "{2E7F4A1B-BD44-4EDF-B40C-95C62BD6099D}"
EndProject
Global
	GlobalSection(SolutionConfigurationPlatforms) = preSolution
		Debug|Any CPU = Debug|Any CPU
		Release|Any CPU = Release|Any CPU
	EndGlobalSection
	GlobalSection(ProjectConfigurationPlatforms) = postSolution
		{2E7F4A1B-BD44-4EDF-B40C-95C62BD6099D}.Debug|Any CPU.ActiveCfg = Debug|Any CPU
		{2E7F4A1B-BD44-4EDF-B40C-95C62BD6099D}.Debug|Any CPU.Build.0 = Debug|Any CPU
		{2E7F4A1B-BD44-4EDF-B40C-95C62BD6099D}.Release|Any CPU.ActiveCfg = Release|Any CPU
		{2E7F4A1B-BD44-4EDF-B40C-95C62BD6099D}.Release|Any CPU.Build.0 = Release|Any CPU
	EndGlobalSection
	GlobalSection(SolutionProperties) = preSolution
		HideSolutionNode = FALSE
	EndGlobalSection
	GlobalSection(ExtensibilityGlobals) = postSolution
		SolutionGuid = {17F77BB2-D6A2-4DDB-9FE7-B4E9285A8930}
	EndGlobalSection
EndGlobal
